PODS:
  - MultiPlatformLibrary (0.1.0)

DEPENDENCIES:
  - MultiPlatformLibrary (from `../mpp-library`)

EXTERNAL SOURCES:
  MultiPlatformLibrary:
    :path: "../mpp-library"

SPEC CHECKSUMS:
  MultiPlatformLibrary: 2a9f43df7bd018c32611a2087c1e2ef74847394c

PODFILE CHECKSUM: d6e8b2708149aca1e6d60e470ae2dab21359ea6a

COCOAPODS: 1.11.3
